
Microsoft Visual Studio Solution File, Format Version 12.00
# Visual Studio Version 17
VisualStudioVersion = 17.4.33213.308
MinimumVisualStudioVersion = 10.0.40219.1
Project("{FAE04EC0-301F-11D3-BF4B-00C04F79EFBC}") = "Test", "Test.csproj", "{7F5819C4-5E9F-4CE1-A2E4-CE0830E9680D}"
EndProject
Global
	GlobalSection(SolutionConfigurationPlatforms) = preSolution
		Debug|Any CPU = Debug|Any CPU
		Release|Any CPU = Release|Any CPU
	EndGlobalSection
	GlobalSection(ProjectConfigurationPlatforms) = postSolution
		{7F5819C4-5E9F-4CE1-A2E4-CE0830E9680D}.Debug|Any CPU.ActiveCfg = Debug|Any CPU
		{7F5819C4-5E9F-4CE1-A2E4-CE0830E9680D}.Debug|Any CPU.Build.0 = Debug|Any CPU
		{7F5819C4-5E9F-4CE1-A2E4-CE0830E9680D}.Release|Any CPU.ActiveCfg = Release|Any CPU
		{7F5819C4-5E9F-4CE1-A2E4-CE0830E9680D}.Release|Any CPU.Build.0 = Release|Any CPU
	EndGlobalSection
	GlobalSection(SolutionProperties) = preSolution
		HideSolutionNode = FALSE
	EndGlobalSection
	GlobalSection(ExtensibilityGlobals) = postSolution
		SolutionGuid = {8CCA55F3-76F3-458B-B3F7-3984F5ABB092}
	EndGlobalSection
EndGlobal
